
Microsoft Visual Studio Solution File, Format Version 12.00
# Visual Studio Version 17
VisualStudioVersion = 17.2.32630.192
MinimumVisualStudioVersion = 10.0.40219.1
Project("{9A19103F-16F7-4668-BE54-9A1E7A4F7556}") = "F10Y.NG0014.Construction", "F10Y.NG0014.Construction\F10Y.NG0014.Construction.csproj", "{76822147-70DC-41BB-B259-55461A6578A4}"
EndProject
Project("{9A19103F-16F7-4668-BE54-9A1E7A4F7556}") = "F10Y.NG0014", "F10Y.NG0014\F10Y.NG0014.csproj", "{80B654AB-DE43-42C8-A159-C411D791E14B}"
EndProject
Global
	GlobalSection(SolutionConfigurationPlatforms) = preSolution
		Debug|Any CPU = Debug|Any CPU
		Release|Any CPU = Release|Any CPU
	EndGlobalSection
	GlobalSection(ProjectConfigurationPlatforms) = postSolution
		{76822147-70DC-41BB-B259-55461A6578A4}.Debug|Any CPU.ActiveCfg = Debug|Any CPU
		{76822147-70DC-41BB-B259-55461A6578A4}.Debug|Any CPU.Build.0 = Debug|Any CPU
		{76822147-70DC-41BB-B259-55461A6578A4}.Release|Any CPU.ActiveCfg = Release|Any CPU
		{76822147-70DC-41BB-B259-55461A6578A4}.Release|Any CPU.Build.0 = Release|Any CPU
		{80B654AB-DE43-42C8-A159-C411D791E14B}.Debug|Any CPU.ActiveCfg = Debug|Any CPU
		{80B654AB-DE43-42C8-A159-C411D791E14B}.Debug|Any CPU.Build.0 = Debug|Any CPU
		{80B654AB-DE43-42C8-A159-C411D791E14B}.Release|Any CPU.ActiveCfg = Release|Any CPU
		{80B654AB-DE43-42C8-A159-C411D791E14B}.Release|Any CPU.Build.0 = Release|Any CPU
	EndGlobalSection
	GlobalSection(SolutionProperties) = preSolution
		HideSolutionNode = FALSE
	EndGlobalSection
	GlobalSection(ExtensibilityGlobals) = postSolution
		SolutionGuid = {157EA4E9-D984-4F48-8A10-78C2DEC8A557}
	EndGlobalSection
EndGlobal
